
Microsoft Visual Studio Solution File, Format Version 12.00
# Visual Studio Version 17
VisualStudioVersion = 17.10.35122.118
MinimumVisualStudioVersion = 10.0.40219.1
Project("{FAE04EC0-301F-11D3-BF4B-00C04F79EFBC}") = "Calorify", "Calorify.csproj", "{A486339E-CDBA-41D0-9DBF-051BD4CA8850}"
EndProject
Project("{FAE04EC0-301F-11D3-BF4B-00C04F79EFBC}") = "Domain", "..\Domain\Domain.csproj", "{661DD642-F110-4D2C-93D9-51EF71E475F9}"
EndProject
Project("{FAE04EC0-301F-11D3-BF4B-00C04F79EFBC}") = "Service", "..\Service\Service.csproj", "{E88B3A01-DB62-49C7-92B1-4B086D88962B}"
EndProject
Project("{FAE04EC0-301F-11D3-BF4B-00C04F79EFBC}") = "DAL", "..\DAL\DAL.csproj", "{D897F19C-A92F-4FC8-ADD2-4B227A7F1E48}"
EndProject
Global
	GlobalSection(SolutionConfigurationPlatforms) = preSolution
		Debug|Any CPU = Debug|Any CPU
		Release|Any CPU = Release|Any CPU
	EndGlobalSection
	GlobalSection(ProjectConfigurationPlatforms) = postSolution
		{A486339E-CDBA-41D0-9DBF-051BD4CA8850}.Debug|Any CPU.ActiveCfg = Debug|Any CPU
		{A486339E-CDBA-41D0-9DBF-051BD4CA8850}.Debug|Any CPU.Build.0 = Debug|Any CPU
		{A486339E-CDBA-41D0-9DBF-051BD4CA8850}.Release|Any CPU.ActiveCfg = Release|Any CPU
		{A486339E-CDBA-41D0-9DBF-051BD4CA8850}.Release|Any CPU.Build.0 = Release|Any CPU
		{661DD642-F110-4D2C-93D9-51EF71E475F9}.Debug|Any CPU.ActiveCfg = Debug|Any CPU
		{661DD642-F110-4D2C-93D9-51EF71E475F9}.Debug|Any CPU.Build.0 = Debug|Any CPU
		{661DD642-F110-4D2C-93D9-51EF71E475F9}.Release|Any CPU.ActiveCfg = Release|Any CPU
		{661DD642-F110-4D2C-93D9-51EF71E475F9}.Release|Any CPU.Build.0 = Release|Any CPU
		{E88B3A01-DB62-49C7-92B1-4B086D88962B}.Debug|Any CPU.ActiveCfg = Debug|Any CPU
		{E88B3A01-DB62-49C7-92B1-4B086D88962B}.Debug|Any CPU.Build.0 = Debug|Any CPU
		{E88B3A01-DB62-49C7-92B1-4B086D88962B}.Release|Any CPU.ActiveCfg = Release|Any CPU
		{E88B3A01-DB62-49C7-92B1-4B086D88962B}.Release|Any CPU.Build.0 = Release|Any CPU
		{D897F19C-A92F-4FC8-ADD2-4B227A7F1E48}.Debug|Any CPU.ActiveCfg = Debug|Any CPU
		{D897F19C-A92F-4FC8-ADD2-4B227A7F1E48}.Debug|Any CPU.Build.0 = Debug|Any CPU
		{D897F19C-A92F-4FC8-ADD2-4B227A7F1E48}.Release|Any CPU.ActiveCfg = Release|Any CPU
		{D897F19C-A92F-4FC8-ADD2-4B227A7F1E48}.Release|Any CPU.Build.0 = Release|Any CPU
	EndGlobalSection
	GlobalSection(SolutionProperties) = preSolution
		HideSolutionNode = FALSE
	EndGlobalSection
	GlobalSection(ExtensibilityGlobals) = postSolution
		SolutionGuid = {F1544AEF-580A-4B63-B972-48ABED464C69}
	EndGlobalSection
EndGlobal
